// !$*UTF8*$!
{
	archiveVersion = 1;
	classes = {
	};
	objectVersion = 50;
	objects = {

/* Begin PBXBuildFile section */
		28212DEA2122A7E1006774BA /* main.cpp in Sources */ = {isa = PBXBuildFile; fileRef = 28212DE92122A7E1006774BA /* main.cpp */; };
		28212DF72124B130006774BA /* main.cpp in Sources */ = {isa = PBXBuildFile; fileRef = 28212DF62124B130006774BA /* main.cpp */; };
		28212E0221275DC9006774BA /* main.cpp in Sources */ = {isa = PBXBuildFile; fileRef = 28212E0121275DC9006774BA /* main.cpp */; };
		2821C98C213091CE00B2AD9D /* main.cpp in Sources */ = {isa = PBXBuildFile; fileRef = 2821C98B213091CE00B2AD9D /* main.cpp */; };
/* End PBXBuildFile section */

/* Begin PBXCopyFilesBuildPhase section */
		28212DE42122A7E1006774BA /* CopyFiles */ = {
			isa = PBXCopyFilesBuildPhase;
			buildActionMask = 2147483647;
			dstPath = /usr/share/man/man1/;
			dstSubfolderSpec = 0;
			files = (
			);
			runOnlyForDeploymentPostprocessing = 1;
		};
		28212DF22124B130006774BA /* CopyFiles */ = {
			isa = PBXCopyFilesBuildPhase;
			buildActionMask = 2147483647;
			dstPath = /usr/share/man/man1/;
			dstSubfolderSpec = 0;
			files = (
			);
			runOnlyForDeploymentPostprocessing = 1;
		};
		28212DFD21275DC9006774BA /* CopyFiles */ = {
			isa = PBXCopyFilesBuildPhase;
			buildActionMask = 2147483647;
			dstPath = /usr/share/man/man1/;
			dstSubfolderSpec = 0;
			files = (
			);
			runOnlyForDeploymentPostprocessing = 1;
		};
		2821C987213091CE00B2AD9D /* CopyFiles */ = {
			isa = PBXCopyFilesBuildPhase;
			buildActionMask = 2147483647;
			dstPath = /usr/share/man/man1/;
			dstSubfolderSpec = 0;
			files = (
			);
			runOnlyForDeploymentPostprocessing = 1;
		};
/* End PBXCopyFilesBuildPhase section */

/* Begin PBXFileReference section */
		28212DE62122A7E1006774BA /* findnumberVector */ = {isa = PBXFileReference; explicitFileType = "compiled.mach-o.executable"; includeInIndex = 0; path = findnumberVector; sourceTree = BUILT_PRODUCTS_DIR; };
		28212DE92122A7E1006774BA /* main.cpp */ = {isa = PBXFileReference; lastKnownFileType = sourcecode.cpp.cpp; path = main.cpp; sourceTree = "<group>"; };
		28212DF42124B130006774BA /* vectorsorting */ = {isa = PBXFileReference; explicitFileType = "compiled.mach-o.executable"; includeInIndex = 0; path = vectorsorting; sourceTree = BUILT_PRODUCTS_DIR; };
		28212DF62124B130006774BA /* main.cpp */ = {isa = PBXFileReference; lastKnownFileType = sourcecode.cpp.cpp; path = main.cpp; sourceTree = "<group>"; };
		28212DFF21275DC9006774BA /* regex */ = {isa = PBXFileReference; explicitFileType = "compiled.mach-o.executable"; includeInIndex = 0; path = regex; sourceTree = BUILT_PRODUCTS_DIR; };
		28212E0121275DC9006774BA /* main.cpp */ = {isa = PBXFileReference; lastKnownFileType = sourcecode.cpp.cpp; path = main.cpp; sourceTree = "<group>"; };
		2821C989213091CE00B2AD9D /* raisepower */ = {isa = PBXFileReference; explicitFileType = "compiled.mach-o.executable"; includeInIndex = 0; path = raisepower; sourceTree = BUILT_PRODUCTS_DIR; };
		2821C98B213091CE00B2AD9D /* main.cpp */ = {isa = PBXFileReference; lastKnownFileType = sourcecode.cpp.cpp; path = main.cpp; sourceTree = "<group>"; };
/* End PBXFileReference section */

/* Begin PBXFrameworksBuildPhase section */
		28212DE32122A7E1006774BA /* Frameworks */ = {
			isa = PBXFrameworksBuildPhase;
			buildActionMask = 2147483647;
			files = (
			);
			runOnlyForDeploymentPostprocessing = 0;
		};
		28212DF12124B130006774BA /* Frameworks */ = {
			isa = PBXFrameworksBuildPhase;
			buildActionMask = 2147483647;
			files = (
			);
			runOnlyForDeploymentPostprocessing = 0;
		};
		28212DFC21275DC9006774BA /* Frameworks */ = {
			isa = PBXFrameworksBuildPhase;
			buildActionMask = 2147483647;
			files = (
			);
			runOnlyForDeploymentPostprocessing = 0;
		};
		2821C986213091CE00B2AD9D /* Frameworks */ = {
			isa = PBXFrameworksBuildPhase;
			buildActionMask = 2147483647;
			files = (
			);
			runOnlyForDeploymentPostprocessing = 0;
		};
/* End PBXFrameworksBuildPhase section */

/* Begin PBXGroup section */
		28212DDD2122A7E1006774BA = {
			isa = PBXGroup;
			children = (
				28212DE82122A7E1006774BA /* findnumberVector */,
				28212DF52124B130006774BA /* vectorsorting */,
				28212E0021275DC9006774BA /* regex */,
				2821C98A213091CE00B2AD9D /* raisepower */,
				28212DE72122A7E1006774BA /* Products */,
			);
			sourceTree = "<group>";
		};
		28212DE72122A7E1006774BA /* Products */ = {
			isa = PBXGroup;
			children = (
				28212DE62122A7E1006774BA /* findnumberVector */,
				28212DF42124B130006774BA /* vectorsorting */,
				28212DFF21275DC9006774BA /* regex */,
				2821C989213091CE00B2AD9D /* raisepower */,
			);
			name = Products;
			sourceTree = "<group>";
		};
		28212DE82122A7E1006774BA /* findnumberVector */ = {
			isa = PBXGroup;
			children = (
				28212DE92122A7E1006774BA /* main.cpp */,
			);
			path = findnumberVector;
			sourceTree = "<group>";
		};
		28212DF52124B130006774BA /* vectorsorting */ = {
			isa = PBXGroup;
			children = (
				28212DF62124B130006774BA /* main.cpp */,
			);
			path = vectorsorting;
			sourceTree = "<group>";
		};
		28212E0021275DC9006774BA /* regex */ = {
			isa = PBXGroup;
			children = (
				28212E0121275DC9006774BA /* main.cpp */,
			);
			path = regex;
			sourceTree = "<group>";
		};
		2821C98A213091CE00B2AD9D /* raisepower */ = {
			isa = PBXGroup;
			children = (
				2821C98B213091CE00B2AD9D /* main.cpp */,
			);
			path = raisepower;
			sourceTree = "<group>";
		};
/* End PBXGroup section */

/* Begin PBXNativeTarget section */
		28212DE52122A7E1006774BA /* findnumberVector */ = {
			isa = PBXNativeTarget;
			buildConfigurationList = 28212DED2122A7E1006774BA /* Build configuration list for PBXNativeTarget "findnumberVector" */;
			buildPhases = (
				28212DE22122A7E1006774BA /* Sources */,
				28212DE32122A7E1006774BA /* Frameworks */,
				28212DE42122A7E1006774BA /* CopyFiles */,
			);
			buildRules = (
			);
			dependencies = (
			);
			name = findnumberVector;
			productName = findnumberVector;
			productReference = 28212DE62122A7E1006774BA /* findnumberVector */;
			productType = "com.apple.product-type.tool";
		};
		28212DF32124B130006774BA /* vectorsorting */ = {
			isa = PBXNativeTarget;
			buildConfigurationList = 28212DFA2124B130006774BA /* Build configuration list for PBXNativeTarget "vectorsorting" */;
			buildPhases = (
				28212DF02124B130006774BA /* Sources */,
				28212DF12124B130006774BA /* Frameworks */,
				28212DF22124B130006774BA /* CopyFiles */,
			);
			buildRules = (
			);
			dependencies = (
			);
			name = vectorsorting;
			productName = vectorsorting;
			productReference = 28212DF42124B130006774BA /* vectorsorting */;
			productType = "com.apple.product-type.tool";
		};
		28212DFE21275DC9006774BA /* regex */ = {
			isa = PBXNativeTarget;
			buildConfigurationList = 28212E0321275DC9006774BA /* Build configuration list for PBXNativeTarget "regex" */;
			buildPhases = (
				28212DFB21275DC9006774BA /* Sources */,
				28212DFC21275DC9006774BA /* Frameworks */,
				28212DFD21275DC9006774BA /* CopyFiles */,
			);
			buildRules = (
			);
			dependencies = (
			);
			name = regex;
			productName = regex;
			productReference = 28212DFF21275DC9006774BA /* regex */;
			productType = "com.apple.product-type.tool";
		};
		2821C988213091CE00B2AD9D /* raisepower */ = {
			isa = PBXNativeTarget;
			buildConfigurationList = 2821C98F213091CE00B2AD9D /* Build configuration list for PBXNativeTarget "raisepower" */;
			buildPhases = (
				2821C985213091CE00B2AD9D /* Sources */,
				2821C986213091CE00B2AD9D /* Frameworks */,
				2821C987213091CE00B2AD9D /* CopyFiles */,
			);
			buildRules = (
			);
			dependencies = (
			);
			name = raisepower;
			productName = raisepower;
			productReference = 2821C989213091CE00B2AD9D /* raisepower */;
			productType = "com.apple.product-type.tool";
		};
/* End PBXNativeTarget section */

/* Begin PBXProject section */
		28212DDE2122A7E1006774BA /* Project object */ = {
			isa = PBXProject;
			attributes = {
				LastUpgradeCheck = 0940;
				ORGANIZATIONNAME = "Abdi Mohamud";
				TargetAttributes = {
					28212DE52122A7E1006774BA = {
						CreatedOnToolsVersion = 9.4.1;
					};
					28212DF32124B130006774BA = {
						CreatedOnToolsVersion = 9.4.1;
					};
					28212DFE21275DC9006774BA = {
						CreatedOnToolsVersion = 9.4.1;
					};
					2821C988213091CE00B2AD9D = {
						CreatedOnToolsVersion = 9.4.1;
					};
				};
			};
			buildConfigurationList = 28212DE12122A7E1006774BA /* Build configuration list for PBXProject "findnumberVector" */;
			compatibilityVersion = "Xcode 9.3";
			developmentRegion = en;
			hasScannedForEncodings = 0;
			knownRegions = (
				en,
			);
			mainGroup = 28212DDD2122A7E1006774BA;
			productRefGroup = 28212DE72122A7E1006774BA /* Products */;
			projectDirPath = "";
			projectRoot = "";
			targets = (
				28212DE52122A7E1006774BA /* findnumberVector */,
				28212DF32124B130006774BA /* vectorsorting */,
				28212DFE21275DC9006774BA /* regex */,
				2821C988213091CE00B2AD9D /* raisepower */,
			);
		};
/* End PBXProject section */

/* Begin PBXSourcesBuildPhase section */
		28212DE22122A7E1006774BA /* Sources */ = {
			isa = PBXSourcesBuildPhase;
			buildActionMask = 2147483647;
			files = (
				28212DEA2122A7E1006774BA /* main.cpp in Sources */,
			);
			runOnlyForDeploymentPostprocessing = 0;
		};
		28212DF02124B130006774BA /* Sources */ = {
			isa = PBXSourcesBuildPhase;
			buildActionMask = 2147483647;
			files = (
				28212DF72124B130006774BA /* main.cpp in Sources */,
			);
			runOnlyForDeploymentPostprocessing = 0;
		};
		28212DFB21275DC9006774BA /* Sources */ = {
			isa = PBXSourcesBuildPhase;
			buildActionMask = 2147483647;
			files = (
				28212E0221275DC9006774BA /* main.cpp in Sources */,
			);
			runOnlyForDeploymentPostprocessing = 0;
		};
		2821C985213091CE00B2AD9D /* Sources */ = {
			isa = PBXSourcesBuildPhase;
			buildActionMask = 2147483647;
			files = (
				2821C98C213091CE00B2AD9D /* main.cpp in Sources */,
			);
			runOnlyForDeploymentPostprocessing = 0;
		};
/* End PBXSourcesBuildPhase section */

/* Begin XCBuildConfiguration section */
		28212DEB2122A7E1006774BA /* Debug */ = {
			isa = XCBuildConfiguration;
			buildSettings = {
				ALWAYS_SEARCH_USER_PATHS = NO;
				CLANG_ANALYZER_NONNULL = YES;
				CLANG_ANALYZER_NUMBER_OBJECT_CONVERSION = YES_AGGRESSIVE;
				CLANG_CXX_LANGUAGE_STANDARD = "gnu++14";
				CLANG_CXX_LIBRARY = "libc++";
				CLANG_ENABLE_MODULES = YES;
				CLANG_ENABLE_OBJC_ARC = YES;
				CLANG_ENABLE_OBJC_WEAK = YES;
				CLANG_WARN_BLOCK_CAPTURE_AUTORELEASING = YES;
				CLANG_WARN_BOOL_CONVERSION = YES;
				CLANG_WARN_COMMA = YES;
				CLANG_WARN_CONSTANT_CONVERSION = YES;
				CLANG_WARN_DEPRECATED_OBJC_IMPLEMENTATIONS = YES;
				CLANG_WARN_DIRECT_OBJC_ISA_USAGE = YES_ERROR;
				CLANG_WARN_DOCUMENTATION_COMMENTS = YES;
				CLANG_WARN_EMPTY_BODY = YES;
				CLANG_WARN_ENUM_CONVERSION = YES;
				CLANG_WARN_INFINITE_RECURSION = YES;
				CLANG_WARN_INT_CONVERSION = YES;
				CLANG_WARN_NON_LITERAL_NULL_CONVERSION = YES;
				CLANG_WARN_OBJC_IMPLICIT_RETAIN_SELF = YES;
				CLANG_WARN_OBJC_LITERAL_CONVERSION = YES;
				CLANG_WARN_OBJC_ROOT_CLASS = YES_ERROR;
				CLANG_WARN_RANGE_LOOP_ANALYSIS = YES;
				CLANG_WARN_STRICT_PROTOTYPES = YES;
				CLANG_WARN_SUSPICIOUS_MOVE = YES;
				CLANG_WARN_UNGUARDED_AVAILABILITY = YES_AGGRESSIVE;
				CLANG_WARN_UNREACHABLE_CODE = YES;
				CLANG_WARN__DUPLICATE_METHOD_MATCH = YES;
				CODE_SIGN_IDENTITY = "Mac Developer";
				COPY_PHASE_STRIP = NO;
				DEBUG_INFORMATION_FORMAT = dwarf;
				ENABLE_STRICT_OBJC_MSGSEND = YES;
				ENABLE_TESTABILITY = YES;
				GCC_C_LANGUAGE_STANDARD = gnu11;
				GCC_DYNAMIC_NO_PIC = NO;
				GCC_NO_COMMON_BLOCKS = YES;
				GCC_OPTIMIZATION_LEVEL = 0;
				GCC_PREPROCESSOR_DEFINITIONS = (
					"DEBUG=1",
					"$(inherited)",
				);
				GCC_WARN_64_TO_32_BIT_CONVERSION = YES;
				GCC_WARN_ABOUT_RETURN_TYPE = YES_ERROR;
				GCC_WARN_UNDECLARED_SELECTOR = YES;
				GCC_WARN_UNINITIALIZED_AUTOS = YES_AGGRESSIVE;
				GCC_WARN_UNUSED_FUNCTION = YES;
				GCC_WARN_UNUSED_VARIABLE = YES;
				MACOSX_DEPLOYMENT_TARGET = 10.13;
				MTL_ENABLE_DEBUG_INFO = YES;
				ONLY_ACTIVE_ARCH = YES;
				SDKROOT = macosx;
			};
			name = Debug;
		};
		28212DEC2122A7E1006774BA /* Release */ = {
			isa = XCBuildConfiguration;
			buildSettings = {
				ALWAYS_SEARCH_USER_PATHS = NO;
				CLANG_ANALYZER_NONNULL = YES;
				CLANG_ANALYZER_NUMBER_OBJECT_CONVERSION = YES_AGGRESSIVE;
				CLANG_CXX_LANGUAGE_STANDARD = "gnu++14";
				CLANG_CXX_LIBRARY = "libc++";
				CLANG_ENABLE_MODULES = YES;
				CLANG_ENABLE_OBJC_ARC = YES;
				CLANG_ENABLE_OBJC_WEAK = YES;
				CLANG_WARN_BLOCK_CAPTURE_AUTORELEASING = YES;
				CLANG_WARN_BOOL_CONVERSION = YES;
				CLANG_WARN_COMMA = YES;
				CLANG_WARN_CONSTANT_CONVERSION = YES;
				CLANG_WARN_DEPRECATED_OBJC_IMPLEMENTATIONS = YES;
				CLANG_WARN_DIRECT_OBJC_ISA_USAGE = YES_ERROR;
				CLANG_WARN_DOCUMENTATION_COMMENTS = YES;
				CLANG_WARN_EMPTY_BODY = YES;
				CLANG_WARN_ENUM_CONVERSION = YES;
				CLANG_WARN_INFINITE_RECURSION = YES;
				CLANG_WARN_INT_CONVERSION = YES;
				CLANG_WARN_NON_LITERAL_NULL_CONVERSION = YES;
				CLANG_WARN_OBJC_IMPLICIT_RETAIN_SELF = YES;
				CLANG_WARN_OBJC_LITERAL_CONVERSION = YES;
				CLANG_WARN_OBJC_ROOT_CLASS = YES_ERROR;
				CLANG_WARN_RANGE_LOOP_ANALYSIS = YES;
				CLANG_WARN_STRICT_PROTOTYPES = YES;
				CLANG_WARN_SUSPICIOUS_MOVE = YES;
				CLANG_WARN_UNGUARDED_AVAILABILITY = YES_AGGRESSIVE;
				CLANG_WARN_UNREACHABLE_CODE = YES;
				CLANG_WARN__DUPLICATE_METHOD_MATCH = YES;
				CODE_SIGN_IDENTITY = "Mac Developer";
				COPY_PHASE_STRIP = NO;
				DEBUG_INFORMATION_FORMAT = "dwarf-with-dsym";
				ENABLE_NS_ASSERTIONS = NO;
				ENABLE_STRICT_OBJC_MSGSEND = YES;
				GCC_C_LANGUAGE_STANDARD = gnu11;
				GCC_NO_COMMON_BLOCKS = YES;
				GCC_WARN_64_TO_32_BIT_CONVERSION = YES;
				GCC_WARN_ABOUT_RETURN_TYPE = YES_ERROR;
				GCC_WARN_UNDECLARED_SELECTOR = YES;
				GCC_WARN_UNINITIALIZED_AUTOS = YES_AGGRESSIVE;
				GCC_WARN_UNUSED_FUNCTION = YES;
				GCC_WARN_UNUSED_VARIABLE = YES;
				MACOSX_DEPLOYMENT_TARGET = 10.13;
				MTL_ENABLE_DEBUG_INFO = NO;
				SDKROOT = macosx;
			};
			name = Release;
		};
		28212DEE2122A7E1006774BA /* Debug */ = {
			isa = XCBuildConfiguration;
			buildSettings = {
				CODE_SIGN_STYLE = Automatic;
				DEVELOPMENT_TEAM = 9S86HJ4C26;
				PRODUCT_NAME = "$(TARGET_NAME)";
			};
			name = Debug;
		};
		28212DEF2122A7E1006774BA /* Release */ = {
			isa = XCBuildConfiguration;
			buildSettings = {
				CODE_SIGN_STYLE = Automatic;
				DEVELOPMENT_TEAM = 9S86HJ4C26;
				PRODUCT_NAME = "$(TARGET_NAME)";
			};
			name = Release;
		};
		28212DF82124B130006774BA /* Debug */ = {
			isa = XCBuildConfiguration;
			buildSettings = {
				CODE_SIGN_STYLE = Automatic;
				DEVELOPMENT_TEAM = 9S86HJ4C26;
				PRODUCT_NAME = "$(TARGET_NAME)";
			};
			name = Debug;
		};
		28212DF92124B130006774BA /* Release */ = {
			isa = XCBuildConfiguration;
			buildSettings = {
				CODE_SIGN_STYLE = Automatic;
				DEVELOPMENT_TEAM = 9S86HJ4C26;
				PRODUCT_NAME = "$(TARGET_NAME)";
			};
			name = Release;
		};
		28212E0421275DC9006774BA /* Debug */ = {
			isa = XCBuildConfiguration;
			buildSettings = {
				CODE_SIGN_STYLE = Automatic;
				DEVELOPMENT_TEAM = 9S86HJ4C26;
				PRODUCT_NAME = "$(TARGET_NAME)";
			};
			name = Debug;
		};
		28212E0521275DC9006774BA /* Release */ = {
			isa = XCBuildConfiguration;
			buildSettings = {
				CODE_SIGN_STYLE = Automatic;
				DEVELOPMENT_TEAM = 9S86HJ4C26;
				PRODUCT_NAME = "$(TARGET_NAME)";
			};
			name = Release;
		};
		2821C98D213091CE00B2AD9D /* Debug */ = {
			isa = XCBuildConfiguration;
			buildSettings = {
				CODE_SIGN_STYLE = Automatic;
				DEVELOPMENT_TEAM = 9S86HJ4C26;
				PRODUCT_NAME = "$(TARGET_NAME)";
			};
			name = Debug;
		};
		2821C98E213091CE00B2AD9D /* Release */ = {
			isa = XCBuildConfiguration;
			buildSettings = {
				CODE_SIGN_STYLE = Automatic;
				DEVELOPMENT_TEAM = 9S86HJ4C26;
				PRODUCT_NAME = "$(TARGET_NAME)";
			};
			name = Release;
		};
/* End XCBuildConfiguration section */

/* Begin XCConfigurationList section */
		28212DE12122A7E1006774BA /* Build configuration list for PBXProject "findnumberVector" */ = {
			isa = XCConfigurationList;
			buildConfigurations = (
				28212DEB2122A7E1006774BA /* Debug */,
				28212DEC2122A7E1006774BA /* Release */,
			);
			defaultConfigurationIsVisible = 0;
			defaultConfigurationName = Release;
		};
		28212DED2122A7E1006774BA /* Build configuration list for PBXNativeTarget "findnumberVector" */ = {
			isa = XCConfigurationList;
			buildConfigurations = (
				28212DEE2122A7E1006774BA /* Debug */,
				28212DEF2122A7E1006774BA /* Release */,
			);
			defaultConfigurationIsVisible = 0;
			defaultConfigurationName = Release;
		};
		28212DFA2124B130006774BA /* Build configuration list for PBXNativeTarget "vectorsorting" */ = {
			isa = XCConfigurationList;
			buildConfigurations = (
				28212DF82124B130006774BA /* Debug */,
				28212DF92124B130006774BA /* Release */,
			);
			defaultConfigurationIsVisible = 0;
			defaultConfigurationName = Release;
		};
		28212E0321275DC9006774BA /* Build configuration list for PBXNativeTarget "regex" */ = {
			isa = XCConfigurationList;
			buildConfigurations = (
				28212E0421275DC9006774BA /* Debug */,
				28212E0521275DC9006774BA /* Release */,
			);
			defaultConfigurationIsVisible = 0;
			defaultConfigurationName = Release;
		};
		2821C98F213091CE00B2AD9D /* Build configuration list for PBXNativeTarget "raisepower" */ = {
			isa = XCConfigurationList;
			buildConfigurations = (
				2821C98D213091CE00B2AD9D /* Debug */,
				2821C98E213091CE00B2AD9D /* Release */,
			);
			defaultConfigurationIsVisible = 0;
			defaultConfigurationName = Release;
		};
/* End XCConfigurationList section */
	};
	rootObject = 28212DDE2122A7E1006774BA /* Project object */;
}
